
Microsoft Visual Studio Solution File, Format Version 12.00
# Visual Studio Version 16
VisualStudioVersion = 16.0.30114.105
MinimumVisualStudioVersion = 10.0.40219.1
Project("{FAE04EC0-301F-11D3-BF4B-00C04F79EFBC}") = "SaltVenture.API", "SaltVenture.API\SaltVenture.API.csproj", "{449AF9BD-F2E3-4629-831C-BE275CE8EF1E}"
EndProject
Project("{FAE04EC0-301F-11D3-BF4B-00C04F79EFBC}") = "SaltVenture.Tests", "SaltVenture.Tests\SaltVenture.Tests.csproj", "{4C106BFF-206A-4491-A283-003531301DA9}"
EndProject
Global
	GlobalSection(SolutionConfigurationPlatforms) = preSolution
		Debug|Any CPU = Debug|Any CPU
		Release|Any CPU = Release|Any CPU
	EndGlobalSection
	GlobalSection(SolutionProperties) = preSolution
		HideSolutionNode = FALSE
	EndGlobalSection
	GlobalSection(ProjectConfigurationPlatforms) = postSolution
		{449AF9BD-F2E3-4629-831C-BE275CE8EF1E}.Debug|Any CPU.ActiveCfg = Debug|Any CPU
		{449AF9BD-F2E3-4629-831C-BE275CE8EF1E}.Debug|Any CPU.Build.0 = Debug|Any CPU
		{449AF9BD-F2E3-4629-831C-BE275CE8EF1E}.Release|Any CPU.ActiveCfg = Release|Any CPU
		{449AF9BD-F2E3-4629-831C-BE275CE8EF1E}.Release|Any CPU.Build.0 = Release|Any CPU
		{4C106BFF-206A-4491-A283-003531301DA9}.Debug|Any CPU.ActiveCfg = Debug|Any CPU
		{4C106BFF-206A-4491-A283-003531301DA9}.Debug|Any CPU.Build.0 = Debug|Any CPU
		{4C106BFF-206A-4491-A283-003531301DA9}.Release|Any CPU.ActiveCfg = Release|Any CPU
		{4C106BFF-206A-4491-A283-003531301DA9}.Release|Any CPU.Build.0 = Release|Any CPU
	EndGlobalSection
EndGlobal
